// !$*UTF8*$!
{
	archiveVersion = 1;
	classes = {
	};
	objectVersion = 56;
	objects = {

/* Begin PBXBuildFile section */
		CEA188492B919F1E003F56FD /* FollowerListVC.swift in Sources */ = {isa = PBXBuildFile; fileRef = CEA188482B919F1E003F56FD /* FollowerListVC.swift */; };
		CEA1884B2B91E5D2003F56FD /* GFTitleLabel.swift in Sources */ = {isa = PBXBuildFile; fileRef = CEA1884A2B91E5D2003F56FD /* GFTitleLabel.swift */; };
		CEA1884D2B91E924003F56FD /* GFBodyLabel.swift in Sources */ = {isa = PBXBuildFile; fileRef = CEA1884C2B91E924003F56FD /* GFBodyLabel.swift */; };
		CEA1884F2B91EAD5003F56FD /* GFAlertVC.swift in Sources */ = {isa = PBXBuildFile; fileRef = CEA1884E2B91EAD5003F56FD /* GFAlertVC.swift */; };
		CEA188512B924CA7003F56FD /* UIViewController+Ext.swift in Sources */ = {isa = PBXBuildFile; fileRef = CEA188502B924CA7003F56FD /* UIViewController+Ext.swift */; };
		CEB3BC5B2B8DA73000C01D52 /* SearchVC.swift in Sources */ = {isa = PBXBuildFile; fileRef = CEB3BC5A2B8DA73000C01D52 /* SearchVC.swift */; };
		CEB3BC5D2B8DA79E00C01D52 /* FavouritesListVC.swift in Sources */ = {isa = PBXBuildFile; fileRef = CEB3BC5C2B8DA79E00C01D52 /* FavouritesListVC.swift */; };
		CEC03B172B8A37D400AD9475 /* AppDelegate.swift in Sources */ = {isa = PBXBuildFile; fileRef = CEC03B162B8A37D400AD9475 /* AppDelegate.swift */; };
		CEC03B192B8A37D400AD9475 /* SceneDelegate.swift in Sources */ = {isa = PBXBuildFile; fileRef = CEC03B182B8A37D400AD9475 /* SceneDelegate.swift */; };
		CEC03B202B8A37D700AD9475 /* Assets.xcassets in Resources */ = {isa = PBXBuildFile; fileRef = CEC03B1F2B8A37D700AD9475 /* Assets.xcassets */; };
		CEC03B232B8A37D700AD9475 /* LaunchScreen.storyboard in Resources */ = {isa = PBXBuildFile; fileRef = CEC03B212B8A37D700AD9475 /* LaunchScreen.storyboard */; };
		CED0BBCC2B8F0EB7009BEEDE /* GFButton.swift in Sources */ = {isa = PBXBuildFile; fileRef = CED0BBCB2B8F0EB7009BEEDE /* GFButton.swift */; };
		CED0BBCE2B8F5595009BEEDE /* GFTextField.swift in Sources */ = {isa = PBXBuildFile; fileRef = CED0BBCD2B8F5595009BEEDE /* GFTextField.swift */; };
		CEED28632B972F000071F4A1 /* Follower.swift in Sources */ = {isa = PBXBuildFile; fileRef = CEED28622B972F000071F4A1 /* Follower.swift */; };
		CEED28652B973DF10071F4A1 /* User.swift in Sources */ = {isa = PBXBuildFile; fileRef = CEED28642B973DF10071F4A1 /* User.swift */; };
		CEED28682B9747980071F4A1 /* NetworkManager.swift in Sources */ = {isa = PBXBuildFile; fileRef = CEED28672B9747980071F4A1 /* NetworkManager.swift */; };
/* End PBXBuildFile section */

/* Begin PBXFileReference section */
		CEA188482B919F1E003F56FD /* FollowerListVC.swift */ = {isa = PBXFileReference; lastKnownFileType = sourcecode.swift; path = FollowerListVC.swift; sourceTree = "<group>"; };
		CEA1884A2B91E5D2003F56FD /* GFTitleLabel.swift */ = {isa = PBXFileReference; lastKnownFileType = sourcecode.swift; path = GFTitleLabel.swift; sourceTree = "<group>"; };
		CEA1884C2B91E924003F56FD /* GFBodyLabel.swift */ = {isa = PBXFileReference; lastKnownFileType = sourcecode.swift; path = GFBodyLabel.swift; sourceTree = "<group>"; };
		CEA1884E2B91EAD5003F56FD /* GFAlertVC.swift */ = {isa = PBXFileReference; lastKnownFileType = sourcecode.swift; path = GFAlertVC.swift; sourceTree = "<group>"; };
		CEA188502B924CA7003F56FD /* UIViewController+Ext.swift */ = {isa = PBXFileReference; lastKnownFileType = sourcecode.swift; path = "UIViewController+Ext.swift"; sourceTree = "<group>"; };
		CEB3BC5A2B8DA73000C01D52 /* SearchVC.swift */ = {isa = PBXFileReference; lastKnownFileType = sourcecode.swift; path = SearchVC.swift; sourceTree = "<group>"; };
		CEB3BC5C2B8DA79E00C01D52 /* FavouritesListVC.swift */ = {isa = PBXFileReference; lastKnownFileType = sourcecode.swift; path = FavouritesListVC.swift; sourceTree = "<group>"; };
		CEC03B132B8A37D400AD9475 /* GHFollowers.app */ = {isa = PBXFileReference; explicitFileType = wrapper.application; includeInIndex = 0; path = GHFollowers.app; sourceTree = BUILT_PRODUCTS_DIR; };
		CEC03B162B8A37D400AD9475 /* AppDelegate.swift */ = {isa = PBXFileReference; lastKnownFileType = sourcecode.swift; path = AppDelegate.swift; sourceTree = "<group>"; };
		CEC03B182B8A37D400AD9475 /* SceneDelegate.swift */ = {isa = PBXFileReference; lastKnownFileType = sourcecode.swift; path = SceneDelegate.swift; sourceTree = "<group>"; };
		CEC03B1F2B8A37D700AD9475 /* Assets.xcassets */ = {isa = PBXFileReference; lastKnownFileType = folder.assetcatalog; path = Assets.xcassets; sourceTree = "<group>"; };
		CEC03B222B8A37D700AD9475 /* Base */ = {isa = PBXFileReference; lastKnownFileType = file.storyboard; name = Base; path = Base.lproj/LaunchScreen.storyboard; sourceTree = "<group>"; };
		CEC03B242B8A37D700AD9475 /* Info.plist */ = {isa = PBXFileReference; lastKnownFileType = text.plist.xml; path = Info.plist; sourceTree = "<group>"; };
		CED0BBCB2B8F0EB7009BEEDE /* GFButton.swift */ = {isa = PBXFileReference; lastKnownFileType = sourcecode.swift; path = GFButton.swift; sourceTree = "<group>"; };
		CED0BBCD2B8F5595009BEEDE /* GFTextField.swift */ = {isa = PBXFileReference; lastKnownFileType = sourcecode.swift; path = GFTextField.swift; sourceTree = "<group>"; };
		CEED28622B972F000071F4A1 /* Follower.swift */ = {isa = PBXFileReference; lastKnownFileType = sourcecode.swift; path = Follower.swift; sourceTree = "<group>"; };
		CEED28642B973DF10071F4A1 /* User.swift */ = {isa = PBXFileReference; lastKnownFileType = sourcecode.swift; path = User.swift; sourceTree = "<group>"; };
		CEED28672B9747980071F4A1 /* NetworkManager.swift */ = {isa = PBXFileReference; lastKnownFileType = sourcecode.swift; path = NetworkManager.swift; sourceTree = "<group>"; };
/* End PBXFileReference section */

/* Begin PBXFrameworksBuildPhase section */
		CEC03B102B8A37D400AD9475 /* Frameworks */ = {
			isa = PBXFrameworksBuildPhase;
			buildActionMask = 2147483647;
			files = (
			);
			runOnlyForDeploymentPostprocessing = 0;
		};
/* End PBXFrameworksBuildPhase section */

/* Begin PBXGroup section */
		CEC03B0A2B8A37D400AD9475 = {
			isa = PBXGroup;
			children = (
				CEC03B152B8A37D400AD9475 /* GHFollowers */,
				CEC03B142B8A37D400AD9475 /* Products */,
			);
			sourceTree = "<group>";
		};
		CEC03B142B8A37D400AD9475 /* Products */ = {
			isa = PBXGroup;
			children = (
				CEC03B132B8A37D400AD9475 /* GHFollowers.app */,
			);
			name = Products;
			sourceTree = "<group>";
		};
		CEC03B152B8A37D400AD9475 /* GHFollowers */ = {
			isa = PBXGroup;
			children = (
				CEED28662B9746950071F4A1 /* Managers */,
				CEED28612B972EED0071F4A1 /* Model */,
				CEED28602B97166F0071F4A1 /* Support */,
				CEED285F2B9714170071F4A1 /* Extensions */,
				CEED285E2B9712F40071F4A1 /* Custom Views */,
				CEED285D2B9712980071F4A1 /* Screens */,
				CEC03B242B8A37D700AD9475 /* Info.plist */,
			);
			path = GHFollowers;
			sourceTree = "<group>";
		};
		CEED285D2B9712980071F4A1 /* Screens */ = {
			isa = PBXGroup;
			children = (
				CEB3BC5A2B8DA73000C01D52 /* SearchVC.swift */,
				CEB3BC5C2B8DA79E00C01D52 /* FavouritesListVC.swift */,
				CEA188482B919F1E003F56FD /* FollowerListVC.swift */,
			);
			path = Screens;
			sourceTree = "<group>";
		};
		CEED285E2B9712F40071F4A1 /* Custom Views */ = {
			isa = PBXGroup;
			children = (
				CED0BBCB2B8F0EB7009BEEDE /* GFButton.swift */,
				CED0BBCD2B8F5595009BEEDE /* GFTextField.swift */,
				CEA1884A2B91E5D2003F56FD /* GFTitleLabel.swift */,
				CEA1884E2B91EAD5003F56FD /* GFAlertVC.swift */,
				CEA1884C2B91E924003F56FD /* GFBodyLabel.swift */,
			);
			path = "Custom Views";
			sourceTree = "<group>";
		};
		CEED285F2B9714170071F4A1 /* Extensions */ = {
			isa = PBXGroup;
			children = (
				CEA188502B924CA7003F56FD /* UIViewController+Ext.swift */,
			);
			path = Extensions;
			sourceTree = "<group>";
		};
		CEED28602B97166F0071F4A1 /* Support */ = {
			isa = PBXGroup;
			children = (
				CEC03B162B8A37D400AD9475 /* AppDelegate.swift */,
				CEC03B182B8A37D400AD9475 /* SceneDelegate.swift */,
				CEC03B1F2B8A37D700AD9475 /* Assets.xcassets */,
				CEC03B212B8A37D700AD9475 /* LaunchScreen.storyboard */,
			);
			path = Support;
			sourceTree = "<group>";
		};
		CEED28612B972EED0071F4A1 /* Model */ = {
			isa = PBXGroup;
			children = (
				CEED28622B972F000071F4A1 /* Follower.swift */,
				CEED28642B973DF10071F4A1 /* User.swift */,
			);
			path = Model;
			sourceTree = "<group>";
		};
		CEED28662B9746950071F4A1 /* Managers */ = {
			isa = PBXGroup;
			children = (
				CEED28672B9747980071F4A1 /* NetworkManager.swift */,
			);
			path = Managers;
			sourceTree = "<group>";
		};
/* End PBXGroup section */

/* Begin PBXNativeTarget section */
		CEC03B122B8A37D400AD9475 /* GHFollowers */ = {
			isa = PBXNativeTarget;
			buildConfigurationList = CEC03B272B8A37D700AD9475 /* Build configuration list for PBXNativeTarget "GHFollowers" */;
			buildPhases = (
				CEC03B0F2B8A37D400AD9475 /* Sources */,
				CEC03B102B8A37D400AD9475 /* Frameworks */,
				CEC03B112B8A37D400AD9475 /* Resources */,
			);
			buildRules = (
			);
			dependencies = (
			);
			name = GHFollowers;
			productName = GHFollowers;
			productReference = CEC03B132B8A37D400AD9475 /* GHFollowers.app */;
			productType = "com.apple.product-type.application";
		};
/* End PBXNativeTarget section */

/* Begin PBXProject section */
		CEC03B0B2B8A37D400AD9475 /* Project object */ = {
			isa = PBXProject;
			attributes = {
				BuildIndependentTargetsInParallel = 1;
				LastSwiftUpdateCheck = 1410;
				LastUpgradeCheck = 1410;
				TargetAttributes = {
					CEC03B122B8A37D400AD9475 = {
						CreatedOnToolsVersion = 14.1;
					};
				};
			};
			buildConfigurationList = CEC03B0E2B8A37D400AD9475 /* Build configuration list for PBXProject "GHFollowers" */;
			compatibilityVersion = "Xcode 14.0";
			developmentRegion = en;
			hasScannedForEncodings = 0;
			knownRegions = (
				en,
				Base,
			);
			mainGroup = CEC03B0A2B8A37D400AD9475;
			productRefGroup = CEC03B142B8A37D400AD9475 /* Products */;
			projectDirPath = "";
			projectRoot = "";
			targets = (
				CEC03B122B8A37D400AD9475 /* GHFollowers */,
			);
		};
/* End PBXProject section */

/* Begin PBXResourcesBuildPhase section */
		CEC03B112B8A37D400AD9475 /* Resources */ = {
			isa = PBXResourcesBuildPhase;
			buildActionMask = 2147483647;
			files = (
				CEC03B232B8A37D700AD9475 /* LaunchScreen.storyboard in Resources */,
				CEC03B202B8A37D700AD9475 /* Assets.xcassets in Resources */,
			);
			runOnlyForDeploymentPostprocessing = 0;
		};
/* End PBXResourcesBuildPhase section */

/* Begin PBXSourcesBuildPhase section */
		CEC03B0F2B8A37D400AD9475 /* Sources */ = {
			isa = PBXSourcesBuildPhase;
			buildActionMask = 2147483647;
			files = (
				CEED28652B973DF10071F4A1 /* User.swift in Sources */,
				CED0BBCE2B8F5595009BEEDE /* GFTextField.swift in Sources */,
				CEB3BC5B2B8DA73000C01D52 /* SearchVC.swift in Sources */,
				CED0BBCC2B8F0EB7009BEEDE /* GFButton.swift in Sources */,
				CEA188512B924CA7003F56FD /* UIViewController+Ext.swift in Sources */,
				CEC03B172B8A37D400AD9475 /* AppDelegate.swift in Sources */,
				CEA1884F2B91EAD5003F56FD /* GFAlertVC.swift in Sources */,
				CEA1884D2B91E924003F56FD /* GFBodyLabel.swift in Sources */,
				CEED28632B972F000071F4A1 /* Follower.swift in Sources */,
				CEA1884B2B91E5D2003F56FD /* GFTitleLabel.swift in Sources */,
				CEED28682B9747980071F4A1 /* NetworkManager.swift in Sources */,
				CEA188492B919F1E003F56FD /* FollowerListVC.swift in Sources */,
				CEB3BC5D2B8DA79E00C01D52 /* FavouritesListVC.swift in Sources */,
				CEC03B192B8A37D400AD9475 /* SceneDelegate.swift in Sources */,
			);
			runOnlyForDeploymentPostprocessing = 0;
		};
/* End PBXSourcesBuildPhase section */

/* Begin PBXVariantGroup section */
		CEC03B212B8A37D700AD9475 /* LaunchScreen.storyboard */ = {
			isa = PBXVariantGroup;
			children = (
				CEC03B222B8A37D700AD9475 /* Base */,
			);
			name = LaunchScreen.storyboard;
			sourceTree = "<group>";
		};
/* End PBXVariantGroup section */

/* Begin XCBuildConfiguration section */
		CEC03B252B8A37D700AD9475 /* Debug */ = {
			isa = XCBuildConfiguration;
			buildSettings = {
				ALWAYS_SEARCH_USER_PATHS = NO;
				CLANG_ANALYZER_NONNULL = YES;
				CLANG_ANALYZER_NUMBER_OBJECT_CONVERSION = YES_AGGRESSIVE;
				CLANG_CXX_LANGUAGE_STANDARD = "gnu++20";
				CLANG_ENABLE_MODULES = YES;
				CLANG_ENABLE_OBJC_ARC = YES;
				CLANG_ENABLE_OBJC_WEAK = YES;
				CLANG_WARN_BLOCK_CAPTURE_AUTORELEASING = YES;
				CLANG_WARN_BOOL_CONVERSION = YES;
				CLANG_WARN_COMMA = YES;
				CLANG_WARN_CONSTANT_CONVERSION = YES;
				CLANG_WARN_DEPRECATED_OBJC_IMPLEMENTATIONS = YES;
				CLANG_WARN_DIRECT_OBJC_ISA_USAGE = YES_ERROR;
				CLANG_WARN_DOCUMENTATION_COMMENTS = YES;
				CLANG_WARN_EMPTY_BODY = YES;
				CLANG_WARN_ENUM_CONVERSION = YES;
				CLANG_WARN_INFINITE_RECURSION = YES;
				CLANG_WARN_INT_CONVERSION = YES;
				CLANG_WARN_NON_LITERAL_NULL_CONVERSION = YES;
				CLANG_WARN_OBJC_IMPLICIT_RETAIN_SELF = YES;
				CLANG_WARN_OBJC_LITERAL_CONVERSION = YES;
				CLANG_WARN_OBJC_ROOT_CLASS = YES_ERROR;
				CLANG_WARN_QUOTED_INCLUDE_IN_FRAMEWORK_HEADER = YES;
				CLANG_WARN_RANGE_LOOP_ANALYSIS = YES;
				CLANG_WARN_STRICT_PROTOTYPES = YES;
				CLANG_WARN_SUSPICIOUS_MOVE = YES;
				CLANG_WARN_UNGUARDED_AVAILABILITY = YES_AGGRESSIVE;
				CLANG_WARN_UNREACHABLE_CODE = YES;
				CLANG_WARN__DUPLICATE_METHOD_MATCH = YES;
				COPY_PHASE_STRIP = NO;
				DEBUG_INFORMATION_FORMAT = dwarf;
				ENABLE_STRICT_OBJC_MSGSEND = YES;
				ENABLE_TESTABILITY = YES;
				GCC_C_LANGUAGE_STANDARD = gnu11;
				GCC_DYNAMIC_NO_PIC = NO;
				GCC_NO_COMMON_BLOCKS = YES;
				GCC_OPTIMIZATION_LEVEL = 0;
				GCC_PREPROCESSOR_DEFINITIONS = (
					"DEBUG=1",
					"$(inherited)",
				);
				GCC_WARN_64_TO_32_BIT_CONVERSION = YES;
				GCC_WARN_ABOUT_RETURN_TYPE = YES_ERROR;
				GCC_WARN_UNDECLARED_SELECTOR = YES;
				GCC_WARN_UNINITIALIZED_AUTOS = YES_AGGRESSIVE;
				GCC_WARN_UNUSED_FUNCTION = YES;
				GCC_WARN_UNUSED_VARIABLE = YES;
				IPHONEOS_DEPLOYMENT_TARGET = 16.1;
				MTL_ENABLE_DEBUG_INFO = INCLUDE_SOURCE;
				MTL_FAST_MATH = YES;
				ONLY_ACTIVE_ARCH = YES;
				SDKROOT = iphoneos;
				SWIFT_ACTIVE_COMPILATION_CONDITIONS = DEBUG;
				SWIFT_OPTIMIZATION_LEVEL = "-Onone";
			};
			name = Debug;
		};
		CEC03B262B8A37D700AD9475 /* Release */ = {
			isa = XCBuildConfiguration;
			buildSettings = {
				ALWAYS_SEARCH_USER_PATHS = NO;
				CLANG_ANALYZER_NONNULL = YES;
				CLANG_ANALYZER_NUMBER_OBJECT_CONVERSION = YES_AGGRESSIVE;
				CLANG_CXX_LANGUAGE_STANDARD = "gnu++20";
				CLANG_ENABLE_MODULES = YES;
				CLANG_ENABLE_OBJC_ARC = YES;
				CLANG_ENABLE_OBJC_WEAK = YES;
				CLANG_WARN_BLOCK_CAPTURE_AUTORELEASING = YES;
				CLANG_WARN_BOOL_CONVERSION = YES;
				CLANG_WARN_COMMA = YES;
				CLANG_WARN_CONSTANT_CONVERSION = YES;
				CLANG_WARN_DEPRECATED_OBJC_IMPLEMENTATIONS = YES;
				CLANG_WARN_DIRECT_OBJC_ISA_USAGE = YES_ERROR;
				CLANG_WARN_DOCUMENTATION_COMMENTS = YES;
				CLANG_WARN_EMPTY_BODY = YES;
				CLANG_WARN_ENUM_CONVERSION = YES;
				CLANG_WARN_INFINITE_RECURSION = YES;
				CLANG_WARN_INT_CONVERSION = YES;
				CLANG_WARN_NON_LITERAL_NULL_CONVERSION = YES;
				CLANG_WARN_OBJC_IMPLICIT_RETAIN_SELF = YES;
				CLANG_WARN_OBJC_LITERAL_CONVERSION = YES;
				CLANG_WARN_OBJC_ROOT_CLASS = YES_ERROR;
				CLANG_WARN_QUOTED_INCLUDE_IN_FRAMEWORK_HEADER = YES;
				CLANG_WARN_RANGE_LOOP_ANALYSIS = YES;
				CLANG_WARN_STRICT_PROTOTYPES = YES;
				CLANG_WARN_SUSPICIOUS_MOVE = YES;
				CLANG_WARN_UNGUARDED_AVAILABILITY = YES_AGGRESSIVE;
				CLANG_WARN_UNREACHABLE_CODE = YES;
				CLANG_WARN__DUPLICATE_METHOD_MATCH = YES;
				COPY_PHASE_STRIP = NO;
				DEBUG_INFORMATION_FORMAT = "dwarf-with-dsym";
				ENABLE_NS_ASSERTIONS = NO;
				ENABLE_STRICT_OBJC_MSGSEND = YES;
				GCC_C_LANGUAGE_STANDARD = gnu11;
				GCC_NO_COMMON_BLOCKS = YES;
				GCC_WARN_64_TO_32_BIT_CONVERSION = YES;
				GCC_WARN_ABOUT_RETURN_TYPE = YES_ERROR;
				GCC_WARN_UNDECLARED_SELECTOR = YES;
				GCC_WARN_UNINITIALIZED_AUTOS = YES_AGGRESSIVE;
				GCC_WARN_UNUSED_FUNCTION = YES;
				GCC_WARN_UNUSED_VARIABLE = YES;
				IPHONEOS_DEPLOYMENT_TARGET = 16.1;
				MTL_ENABLE_DEBUG_INFO = NO;
				MTL_FAST_MATH = YES;
				SDKROOT = iphoneos;
				SWIFT_COMPILATION_MODE = wholemodule;
				SWIFT_OPTIMIZATION_LEVEL = "-O";
				VALIDATE_PRODUCT = YES;
			};
			name = Release;
		};
		CEC03B282B8A37D700AD9475 /* Debug */ = {
			isa = XCBuildConfiguration;
			buildSettings = {
				ASSETCATALOG_COMPILER_APPICON_NAME = AppIcon;
				ASSETCATALOG_COMPILER_GLOBAL_ACCENT_COLOR_NAME = AccentColor;
				ASSETCATALOG_COMPILER_INCLUDE_ALL_APPICON_ASSETS = NO;
				CODE_SIGN_STYLE = Automatic;
				CURRENT_PROJECT_VERSION = 1;
				DEVELOPMENT_TEAM = F9GL24RSF8;
				GENERATE_INFOPLIST_FILE = YES;
				INFOPLIST_FILE = GHFollowers/Info.plist;
				INFOPLIST_KEY_UIApplicationSupportsIndirectInputEvents = YES;
				INFOPLIST_KEY_UILaunchStoryboardName = LaunchScreen;
				INFOPLIST_KEY_UISupportedInterfaceOrientations = UIInterfaceOrientationPortrait;
				INFOPLIST_KEY_UISupportedInterfaceOrientations_iPad = "UIInterfaceOrientationLandscapeLeft UIInterfaceOrientationLandscapeRight UIInterfaceOrientationPortrait UIInterfaceOrientationPortraitUpsideDown";
				LD_RUNPATH_SEARCH_PATHS = (
					"$(inherited)",
					"@executable_path/Frameworks",
				);
				MARKETING_VERSION = 1.0;
				PRODUCT_BUNDLE_IDENTIFIER = com.znun.GHFollowers;
				PRODUCT_NAME = "$(TARGET_NAME)";
				SUPPORTED_PLATFORMS = "iphoneos iphonesimulator";
				SUPPORTS_MACCATALYST = NO;
				SUPPORTS_MAC_DESIGNED_FOR_IPHONE_IPAD = NO;
				SWIFT_EMIT_LOC_STRINGS = YES;
				SWIFT_VERSION = 5.0;
				TARGETED_DEVICE_FAMILY = 1;
			};
			name = Debug;
		};
		CEC03B292B8A37D700AD9475 /* Release */ = {
			isa = XCBuildConfiguration;
			buildSettings = {
				ASSETCATALOG_COMPILER_APPICON_NAME = AppIcon;
				ASSETCATALOG_COMPILER_GLOBAL_ACCENT_COLOR_NAME = AccentColor;
				ASSETCATALOG_COMPILER_INCLUDE_ALL_APPICON_ASSETS = NO;
				CODE_SIGN_STYLE = Automatic;
				CURRENT_PROJECT_VERSION = 1;
				DEVELOPMENT_TEAM = F9GL24RSF8;
				GENERATE_INFOPLIST_FILE = YES;
				INFOPLIST_FILE = GHFollowers/Info.plist;
				INFOPLIST_KEY_UIApplicationSupportsIndirectInputEvents = YES;
				INFOPLIST_KEY_UILaunchStoryboardName = LaunchScreen;
				INFOPLIST_KEY_UISupportedInterfaceOrientations = UIInterfaceOrientationPortrait;
				INFOPLIST_KEY_UISupportedInterfaceOrientations_iPad = "UIInterfaceOrientationLandscapeLeft UIInterfaceOrientationLandscapeRight UIInterfaceOrientationPortrait UIInterfaceOrientationPortraitUpsideDown";
				LD_RUNPATH_SEARCH_PATHS = (
					"$(inherited)",
					"@executable_path/Frameworks",
				);
				MARKETING_VERSION = 1.0;
				PRODUCT_BUNDLE_IDENTIFIER = com.znun.GHFollowers;
				PRODUCT_NAME = "$(TARGET_NAME)";
				SUPPORTED_PLATFORMS = "iphoneos iphonesimulator";
				SUPPORTS_MACCATALYST = NO;
				SUPPORTS_MAC_DESIGNED_FOR_IPHONE_IPAD = NO;
				SWIFT_EMIT_LOC_STRINGS = YES;
				SWIFT_VERSION = 5.0;
				TARGETED_DEVICE_FAMILY = 1;
			};
			name = Release;
		};
/* End XCBuildConfiguration section */

/* Begin XCConfigurationList section */
		CEC03B0E2B8A37D400AD9475 /* Build configuration list for PBXProject "GHFollowers" */ = {
			isa = XCConfigurationList;
			buildConfigurations = (
				CEC03B252B8A37D700AD9475 /* Debug */,
				CEC03B262B8A37D700AD9475 /* Release */,
			);
			defaultConfigurationIsVisible = 0;
			defaultConfigurationName = Release;
		};
		CEC03B272B8A37D700AD9475 /* Build configuration list for PBXNativeTarget "GHFollowers" */ = {
			isa = XCConfigurationList;
			buildConfigurations = (
				CEC03B282B8A37D700AD9475 /* Debug */,
				CEC03B292B8A37D700AD9475 /* Release */,
			);
			defaultConfigurationIsVisible = 0;
			defaultConfigurationName = Release;
		};
/* End XCConfigurationList section */
	};
	rootObject = CEC03B0B2B8A37D400AD9475 /* Project object */;
}
